// !$*UTF8*$!
{
	archiveVersion = 1;
	classes = {
	};
	objectVersion = 56;
	objects = {

/* Begin PBXBuildFile section */
		592E0E012B228ED000F906CA /* HomeViewApp.swift in Sources */ = {isa = PBXBuildFile; fileRef = 592E0E002B228ED000F906CA /* HomeViewApp.swift */; };
		592E0E032B228ED000F906CA /* ContentView.swift in Sources */ = {isa = PBXBuildFile; fileRef = 592E0E022B228ED000F906CA /* ContentView.swift */; };
		592E0E052B228ED100F906CA /* Assets.xcassets in Resources */ = {isa = PBXBuildFile; fileRef = 592E0E042B228ED100F906CA /* Assets.xcassets */; };
		592E0E082B228ED100F906CA /* Preview Assets.xcassets in Resources */ = {isa = PBXBuildFile; fileRef = 592E0E072B228ED100F906CA /* Preview Assets.xcassets */; };
		592E0E0F2B22A86400F906CA /* Movies.swift in Sources */ = {isa = PBXBuildFile; fileRef = 592E0E0E2B22A86400F906CA /* Movies.swift */; };
		592E0E132B22A93F00F906CA /* MovieCardView.swift in Sources */ = {isa = PBXBuildFile; fileRef = 592E0E122B22A93F00F906CA /* MovieCardView.swift */; };
		592E0E162B22A97800F906CA /* Movie.swift in Sources */ = {isa = PBXBuildFile; fileRef = 592E0E152B22A97800F906CA /* Movie.swift */; };
		592E0E1A2B22A9B500F906CA /* HeaderView.swift in Sources */ = {isa = PBXBuildFile; fileRef = 592E0E192B22A9B500F906CA /* HeaderView.swift */; };
		592E0E1C2B22A9EF00F906CA /* HorizontalScrollCardView.swift in Sources */ = {isa = PBXBuildFile; fileRef = 592E0E1B2B22A9EF00F906CA /* HorizontalScrollCardView.swift */; };
		592E0E1E2B22B0D300F906CA /* TrendingMovies.swift in Sources */ = {isa = PBXBuildFile; fileRef = 592E0E1D2B22B0D300F906CA /* TrendingMovies.swift */; };
		592E0E202B22B2B400F906CA /* FreeMovies.swift in Sources */ = {isa = PBXBuildFile; fileRef = 592E0E1F2B22B2B400F906CA /* FreeMovies.swift */; };
		592E0E222B22B2CF00F906CA /* PopularMovies.swift in Sources */ = {isa = PBXBuildFile; fileRef = 592E0E212B22B2CE00F906CA /* PopularMovies.swift */; };
		592E0E242B22B32400F906CA /* MoviesRepository.swift in Sources */ = {isa = PBXBuildFile; fileRef = 592E0E232B22B32400F906CA /* MoviesRepository.swift */; };
		592E0E262B234FE600F906CA /* CircleScoreView.swift in Sources */ = {isa = PBXBuildFile; fileRef = 592E0E252B234FE600F906CA /* CircleScoreView.swift */; };
		592E0E282B23531900F906CA /* HorizontalScrollTrailerView.swift in Sources */ = {isa = PBXBuildFile; fileRef = 592E0E272B23531900F906CA /* HorizontalScrollTrailerView.swift */; };
/* End PBXBuildFile section */

/* Begin PBXFileReference section */
		592E0DFD2B228ED000F906CA /* HomeView.app */ = {isa = PBXFileReference; explicitFileType = wrapper.application; includeInIndex = 0; path = HomeView.app; sourceTree = BUILT_PRODUCTS_DIR; };
		592E0E002B228ED000F906CA /* HomeViewApp.swift */ = {isa = PBXFileReference; lastKnownFileType = sourcecode.swift; path = HomeViewApp.swift; sourceTree = "<group>"; };
		592E0E022B228ED000F906CA /* ContentView.swift */ = {isa = PBXFileReference; lastKnownFileType = sourcecode.swift; path = ContentView.swift; sourceTree = "<group>"; };
		592E0E042B228ED100F906CA /* Assets.xcassets */ = {isa = PBXFileReference; lastKnownFileType = folder.assetcatalog; path = Assets.xcassets; sourceTree = "<group>"; };
		592E0E072B228ED100F906CA /* Preview Assets.xcassets */ = {isa = PBXFileReference; lastKnownFileType = folder.assetcatalog; path = "Preview Assets.xcassets"; sourceTree = "<group>"; };
		592E0E0E2B22A86400F906CA /* Movies.swift */ = {isa = PBXFileReference; lastKnownFileType = sourcecode.swift; path = Movies.swift; sourceTree = "<group>"; };
		592E0E122B22A93F00F906CA /* MovieCardView.swift */ = {isa = PBXFileReference; lastKnownFileType = sourcecode.swift; path = MovieCardView.swift; sourceTree = "<group>"; };
		592E0E152B22A97800F906CA /* Movie.swift */ = {isa = PBXFileReference; lastKnownFileType = sourcecode.swift; path = Movie.swift; sourceTree = "<group>"; };
		592E0E192B22A9B500F906CA /* HeaderView.swift */ = {isa = PBXFileReference; lastKnownFileType = sourcecode.swift; path = HeaderView.swift; sourceTree = "<group>"; };
		592E0E1B2B22A9EF00F906CA /* HorizontalScrollCardView.swift */ = {isa = PBXFileReference; lastKnownFileType = sourcecode.swift; path = HorizontalScrollCardView.swift; sourceTree = "<group>"; };
		592E0E1D2B22B0D300F906CA /* TrendingMovies.swift */ = {isa = PBXFileReference; lastKnownFileType = sourcecode.swift; path = TrendingMovies.swift; sourceTree = "<group>"; };
		592E0E1F2B22B2B400F906CA /* FreeMovies.swift */ = {isa = PBXFileReference; lastKnownFileType = sourcecode.swift; path = FreeMovies.swift; sourceTree = "<group>"; };
		592E0E212B22B2CE00F906CA /* PopularMovies.swift */ = {isa = PBXFileReference; lastKnownFileType = sourcecode.swift; path = PopularMovies.swift; sourceTree = "<group>"; };
		592E0E232B22B32400F906CA /* MoviesRepository.swift */ = {isa = PBXFileReference; lastKnownFileType = sourcecode.swift; path = MoviesRepository.swift; sourceTree = "<group>"; };
		592E0E252B234FE600F906CA /* CircleScoreView.swift */ = {isa = PBXFileReference; lastKnownFileType = sourcecode.swift; path = CircleScoreView.swift; sourceTree = "<group>"; };
		592E0E272B23531900F906CA /* HorizontalScrollTrailerView.swift */ = {isa = PBXFileReference; lastKnownFileType = sourcecode.swift; path = HorizontalScrollTrailerView.swift; sourceTree = "<group>"; };
/* End PBXFileReference section */

/* Begin PBXFrameworksBuildPhase section */
		592E0DFA2B228ED000F906CA /* Frameworks */ = {
			isa = PBXFrameworksBuildPhase;
			buildActionMask = 2147483647;
			files = (
			);
			runOnlyForDeploymentPostprocessing = 0;
		};
/* End PBXFrameworksBuildPhase section */

/* Begin PBXGroup section */
		592E0DF42B228ED000F906CA = {
			isa = PBXGroup;
			children = (
				592E0DFF2B228ED000F906CA /* HomeView */,
				592E0DFE2B228ED000F906CA /* Products */,
			);
			sourceTree = "<group>";
		};
		592E0DFE2B228ED000F906CA /* Products */ = {
			isa = PBXGroup;
			children = (
				592E0DFD2B228ED000F906CA /* HomeView.app */,
			);
			name = Products;
			sourceTree = "<group>";
		};
		592E0DFF2B228ED000F906CA /* HomeView */ = {
			isa = PBXGroup;
			children = (
				592E0E142B22A96A00F906CA /* Modelos */,
				592E0E112B22A92200F906CA /* Vistas */,
				592E0E102B22A91800F906CA /* Datos */,
				592E0E002B228ED000F906CA /* HomeViewApp.swift */,
				592E0E022B228ED000F906CA /* ContentView.swift */,
				592E0E042B228ED100F906CA /* Assets.xcassets */,
				592E0E062B228ED100F906CA /* Preview Content */,
			);
			path = HomeView;
			sourceTree = "<group>";
		};
		592E0E062B228ED100F906CA /* Preview Content */ = {
			isa = PBXGroup;
			children = (
				592E0E072B228ED100F906CA /* Preview Assets.xcassets */,
			);
			path = "Preview Content";
			sourceTree = "<group>";
		};
		592E0E102B22A91800F906CA /* Datos */ = {
			isa = PBXGroup;
			children = (
				592E0E0E2B22A86400F906CA /* Movies.swift */,
				592E0E1D2B22B0D300F906CA /* TrendingMovies.swift */,
				592E0E1F2B22B2B400F906CA /* FreeMovies.swift */,
				592E0E212B22B2CE00F906CA /* PopularMovies.swift */,
				592E0E232B22B32400F906CA /* MoviesRepository.swift */,
			);
			path = Datos;
			sourceTree = "<group>";
		};
		592E0E112B22A92200F906CA /* Vistas */ = {
			isa = PBXGroup;
			children = (
				592E0E122B22A93F00F906CA /* MovieCardView.swift */,
				592E0E192B22A9B500F906CA /* HeaderView.swift */,
				592E0E1B2B22A9EF00F906CA /* HorizontalScrollCardView.swift */,
				592E0E252B234FE600F906CA /* CircleScoreView.swift */,
				592E0E272B23531900F906CA /* HorizontalScrollTrailerView.swift */,
			);
			path = Vistas;
			sourceTree = "<group>";
		};
		592E0E142B22A96A00F906CA /* Modelos */ = {
			isa = PBXGroup;
			children = (
				592E0E152B22A97800F906CA /* Movie.swift */,
			);
			path = Modelos;
			sourceTree = "<group>";
		};
/* End PBXGroup section */

/* Begin PBXNativeTarget section */
		592E0DFC2B228ED000F906CA /* HomeView */ = {
			isa = PBXNativeTarget;
			buildConfigurationList = 592E0E0B2B228ED100F906CA /* Build configuration list for PBXNativeTarget "HomeView" */;
			buildPhases = (
				592E0DF92B228ED000F906CA /* Sources */,
				592E0DFA2B228ED000F906CA /* Frameworks */,
				592E0DFB2B228ED000F906CA /* Resources */,
			);
			buildRules = (
			);
			dependencies = (
			);
			name = HomeView;
			productName = HomeView;
			productReference = 592E0DFD2B228ED000F906CA /* HomeView.app */;
			productType = "com.apple.product-type.application";
		};
/* End PBXNativeTarget section */

/* Begin PBXProject section */
		592E0DF52B228ED000F906CA /* Project object */ = {
			isa = PBXProject;
			attributes = {
				BuildIndependentTargetsInParallel = 1;
				LastSwiftUpdateCheck = 1500;
				LastUpgradeCheck = 1500;
				TargetAttributes = {
					592E0DFC2B228ED000F906CA = {
						CreatedOnToolsVersion = 15.0.1;
					};
				};
			};
			buildConfigurationList = 592E0DF82B228ED000F906CA /* Build configuration list for PBXProject "HomeView" */;
			compatibilityVersion = "Xcode 14.0";
			developmentRegion = en;
			hasScannedForEncodings = 0;
			knownRegions = (
				en,
				Base,
			);
			mainGroup = 592E0DF42B228ED000F906CA;
			productRefGroup = 592E0DFE2B228ED000F906CA /* Products */;
			projectDirPath = "";
			projectRoot = "";
			targets = (
				592E0DFC2B228ED000F906CA /* HomeView */,
			);
		};
/* End PBXProject section */

/* Begin PBXResourcesBuildPhase section */
		592E0DFB2B228ED000F906CA /* Resources */ = {
			isa = PBXResourcesBuildPhase;
			buildActionMask = 2147483647;
			files = (
				592E0E082B228ED100F906CA /* Preview Assets.xcassets in Resources */,
				592E0E052B228ED100F906CA /* Assets.xcassets in Resources */,
			);
			runOnlyForDeploymentPostprocessing = 0;
		};
/* End PBXResourcesBuildPhase section */

/* Begin PBXSourcesBuildPhase section */
		592E0DF92B228ED000F906CA /* Sources */ = {
			isa = PBXSourcesBuildPhase;
			buildActionMask = 2147483647;
			files = (
				592E0E222B22B2CF00F906CA /* PopularMovies.swift in Sources */,
				592E0E262B234FE600F906CA /* CircleScoreView.swift in Sources */,
				592E0E1C2B22A9EF00F906CA /* HorizontalScrollCardView.swift in Sources */,
				592E0E132B22A93F00F906CA /* MovieCardView.swift in Sources */,
				592E0E242B22B32400F906CA /* MoviesRepository.swift in Sources */,
				592E0E032B228ED000F906CA /* ContentView.swift in Sources */,
				592E0E0F2B22A86400F906CA /* Movies.swift in Sources */,
				592E0E012B228ED000F906CA /* HomeViewApp.swift in Sources */,
				592E0E1E2B22B0D300F906CA /* TrendingMovies.swift in Sources */,
				592E0E282B23531900F906CA /* HorizontalScrollTrailerView.swift in Sources */,
				592E0E1A2B22A9B500F906CA /* HeaderView.swift in Sources */,
				592E0E202B22B2B400F906CA /* FreeMovies.swift in Sources */,
				592E0E162B22A97800F906CA /* Movie.swift in Sources */,
			);
			runOnlyForDeploymentPostprocessing = 0;
		};
/* End PBXSourcesBuildPhase section */

/* Begin XCBuildConfiguration section */
		592E0E092B228ED100F906CA /* Debug */ = {
			isa = XCBuildConfiguration;
			buildSettings = {
				ALWAYS_SEARCH_USER_PATHS = NO;
				ASSETCATALOG_COMPILER_GENERATE_SWIFT_ASSET_SYMBOL_EXTENSIONS = YES;
				CLANG_ANALYZER_NONNULL = YES;
				CLANG_ANALYZER_NUMBER_OBJECT_CONVERSION = YES_AGGRESSIVE;
				CLANG_CXX_LANGUAGE_STANDARD = "gnu++20";
				CLANG_ENABLE_MODULES = YES;
				CLANG_ENABLE_OBJC_ARC = YES;
				CLANG_ENABLE_OBJC_WEAK = YES;
				CLANG_WARN_BLOCK_CAPTURE_AUTORELEASING = YES;
				CLANG_WARN_BOOL_CONVERSION = YES;
				CLANG_WARN_COMMA = YES;
				CLANG_WARN_CONSTANT_CONVERSION = YES;
				CLANG_WARN_DEPRECATED_OBJC_IMPLEMENTATIONS = YES;
				CLANG_WARN_DIRECT_OBJC_ISA_USAGE = YES_ERROR;
				CLANG_WARN_DOCUMENTATION_COMMENTS = YES;
				CLANG_WARN_EMPTY_BODY = YES;
				CLANG_WARN_ENUM_CONVERSION = YES;
				CLANG_WARN_INFINITE_RECURSION = YES;
				CLANG_WARN_INT_CONVERSION = YES;
				CLANG_WARN_NON_LITERAL_NULL_CONVERSION = YES;
				CLANG_WARN_OBJC_IMPLICIT_RETAIN_SELF = YES;
				CLANG_WARN_OBJC_LITERAL_CONVERSION = YES;
				CLANG_WARN_OBJC_ROOT_CLASS = YES_ERROR;
				CLANG_WARN_QUOTED_INCLUDE_IN_FRAMEWORK_HEADER = YES;
				CLANG_WARN_RANGE_LOOP_ANALYSIS = YES;
				CLANG_WARN_STRICT_PROTOTYPES = YES;
				CLANG_WARN_SUSPICIOUS_MOVE = YES;
				CLANG_WARN_UNGUARDED_AVAILABILITY = YES_AGGRESSIVE;
				CLANG_WARN_UNREACHABLE_CODE = YES;
				CLANG_WARN__DUPLICATE_METHOD_MATCH = YES;
				COPY_PHASE_STRIP = NO;
				DEBUG_INFORMATION_FORMAT = dwarf;
				ENABLE_STRICT_OBJC_MSGSEND = YES;
				ENABLE_TESTABILITY = YES;
				ENABLE_USER_SCRIPT_SANDBOXING = YES;
				GCC_C_LANGUAGE_STANDARD = gnu17;
				GCC_DYNAMIC_NO_PIC = NO;
				GCC_NO_COMMON_BLOCKS = YES;
				GCC_OPTIMIZATION_LEVEL = 0;
				GCC_PREPROCESSOR_DEFINITIONS = (
					"DEBUG=1",
					"$(inherited)",
				);
				GCC_WARN_64_TO_32_BIT_CONVERSION = YES;
				GCC_WARN_ABOUT_RETURN_TYPE = YES_ERROR;
				GCC_WARN_UNDECLARED_SELECTOR = YES;
				GCC_WARN_UNINITIALIZED_AUTOS = YES_AGGRESSIVE;
				GCC_WARN_UNUSED_FUNCTION = YES;
				GCC_WARN_UNUSED_VARIABLE = YES;
				IPHONEOS_DEPLOYMENT_TARGET = 17.0;
				LOCALIZATION_PREFERS_STRING_CATALOGS = YES;
				MTL_ENABLE_DEBUG_INFO = INCLUDE_SOURCE;
				MTL_FAST_MATH = YES;
				ONLY_ACTIVE_ARCH = YES;
				SDKROOT = iphoneos;
				SWIFT_ACTIVE_COMPILATION_CONDITIONS = "DEBUG $(inherited)";
				SWIFT_OPTIMIZATION_LEVEL = "-Onone";
			};
			name = Debug;
		};
		592E0E0A2B228ED100F906CA /* Release */ = {
			isa = XCBuildConfiguration;
			buildSettings = {
				ALWAYS_SEARCH_USER_PATHS = NO;
				ASSETCATALOG_COMPILER_GENERATE_SWIFT_ASSET_SYMBOL_EXTENSIONS = YES;
				CLANG_ANALYZER_NONNULL = YES;
				CLANG_ANALYZER_NUMBER_OBJECT_CONVERSION = YES_AGGRESSIVE;
				CLANG_CXX_LANGUAGE_STANDARD = "gnu++20";
				CLANG_ENABLE_MODULES = YES;
				CLANG_ENABLE_OBJC_ARC = YES;
				CLANG_ENABLE_OBJC_WEAK = YES;
				CLANG_WARN_BLOCK_CAPTURE_AUTORELEASING = YES;
				CLANG_WARN_BOOL_CONVERSION = YES;
				CLANG_WARN_COMMA = YES;
				CLANG_WARN_CONSTANT_CONVERSION = YES;
				CLANG_WARN_DEPRECATED_OBJC_IMPLEMENTATIONS = YES;
				CLANG_WARN_DIRECT_OBJC_ISA_USAGE = YES_ERROR;
				CLANG_WARN_DOCUMENTATION_COMMENTS = YES;
				CLANG_WARN_EMPTY_BODY = YES;
				CLANG_WARN_ENUM_CONVERSION = YES;
				CLANG_WARN_INFINITE_RECURSION = YES;
				CLANG_WARN_INT_CONVERSION = YES;
				CLANG_WARN_NON_LITERAL_NULL_CONVERSION = YES;
				CLANG_WARN_OBJC_IMPLICIT_RETAIN_SELF = YES;
				CLANG_WARN_OBJC_LITERAL_CONVERSION = YES;
				CLANG_WARN_OBJC_ROOT_CLASS = YES_ERROR;
				CLANG_WARN_QUOTED_INCLUDE_IN_FRAMEWORK_HEADER = YES;
				CLANG_WARN_RANGE_LOOP_ANALYSIS = YES;
				CLANG_WARN_STRICT_PROTOTYPES = YES;
				CLANG_WARN_SUSPICIOUS_MOVE = YES;
				CLANG_WARN_UNGUARDED_AVAILABILITY = YES_AGGRESSIVE;
				CLANG_WARN_UNREACHABLE_CODE = YES;
				CLANG_WARN__DUPLICATE_METHOD_MATCH = YES;
				COPY_PHASE_STRIP = NO;
				DEBUG_INFORMATION_FORMAT = "dwarf-with-dsym";
				ENABLE_NS_ASSERTIONS = NO;
				ENABLE_STRICT_OBJC_MSGSEND = YES;
				ENABLE_USER_SCRIPT_SANDBOXING = YES;
				GCC_C_LANGUAGE_STANDARD = gnu17;
				GCC_NO_COMMON_BLOCKS = YES;
				GCC_WARN_64_TO_32_BIT_CONVERSION = YES;
				GCC_WARN_ABOUT_RETURN_TYPE = YES_ERROR;
				GCC_WARN_UNDECLARED_SELECTOR = YES;
				GCC_WARN_UNINITIALIZED_AUTOS = YES_AGGRESSIVE;
				GCC_WARN_UNUSED_FUNCTION = YES;
				GCC_WARN_UNUSED_VARIABLE = YES;
				IPHONEOS_DEPLOYMENT_TARGET = 17.0;
				LOCALIZATION_PREFERS_STRING_CATALOGS = YES;
				MTL_ENABLE_DEBUG_INFO = NO;
				MTL_FAST_MATH = YES;
				SDKROOT = iphoneos;
				SWIFT_COMPILATION_MODE = wholemodule;
				VALIDATE_PRODUCT = YES;
			};
			name = Release;
		};
		592E0E0C2B228ED100F906CA /* Debug */ = {
			isa = XCBuildConfiguration;
			buildSettings = {
				ASSETCATALOG_COMPILER_APPICON_NAME = AppIcon;
				ASSETCATALOG_COMPILER_GLOBAL_ACCENT_COLOR_NAME = AccentColor;
				CODE_SIGN_STYLE = Automatic;
				CURRENT_PROJECT_VERSION = 1;
				DEVELOPMENT_ASSET_PATHS = "\"HomeView/Preview Content\"";
				ENABLE_PREVIEWS = YES;
				GENERATE_INFOPLIST_FILE = YES;
				INFOPLIST_KEY_UIApplicationSceneManifest_Generation = YES;
				INFOPLIST_KEY_UIApplicationSupportsIndirectInputEvents = YES;
				INFOPLIST_KEY_UILaunchScreen_Generation = YES;
				INFOPLIST_KEY_UISupportedInterfaceOrientations_iPad = "UIInterfaceOrientationPortrait UIInterfaceOrientationPortraitUpsideDown UIInterfaceOrientationLandscapeLeft UIInterfaceOrientationLandscapeRight";
				INFOPLIST_KEY_UISupportedInterfaceOrientations_iPhone = "UIInterfaceOrientationPortrait UIInterfaceOrientationLandscapeLeft UIInterfaceOrientationLandscapeRight";
				LD_RUNPATH_SEARCH_PATHS = (
					"$(inherited)",
					"@executable_path/Frameworks",
				);
				MARKETING_VERSION = 1.0;
				PRODUCT_BUNDLE_IDENTIFIER = dev.jvarela.HomeView;
				PRODUCT_NAME = "$(TARGET_NAME)";
				SWIFT_EMIT_LOC_STRINGS = YES;
				SWIFT_VERSION = 5.0;
				TARGETED_DEVICE_FAMILY = "1,2";
			};
			name = Debug;
		};
		592E0E0D2B228ED100F906CA /* Release */ = {
			isa = XCBuildConfiguration;
			buildSettings = {
				ASSETCATALOG_COMPILER_APPICON_NAME = AppIcon;
				ASSETCATALOG_COMPILER_GLOBAL_ACCENT_COLOR_NAME = AccentColor;
				CODE_SIGN_STYLE = Automatic;
				CURRENT_PROJECT_VERSION = 1;
				DEVELOPMENT_ASSET_PATHS = "\"HomeView/Preview Content\"";
				ENABLE_PREVIEWS = YES;
				GENERATE_INFOPLIST_FILE = YES;
				INFOPLIST_KEY_UIApplicationSceneManifest_Generation = YES;
				INFOPLIST_KEY_UIApplicationSupportsIndirectInputEvents = YES;
				INFOPLIST_KEY_UILaunchScreen_Generation = YES;
				INFOPLIST_KEY_UISupportedInterfaceOrientations_iPad = "UIInterfaceOrientationPortrait UIInterfaceOrientationPortraitUpsideDown UIInterfaceOrientationLandscapeLeft UIInterfaceOrientationLandscapeRight";
				INFOPLIST_KEY_UISupportedInterfaceOrientations_iPhone = "UIInterfaceOrientationPortrait UIInterfaceOrientationLandscapeLeft UIInterfaceOrientationLandscapeRight";
				LD_RUNPATH_SEARCH_PATHS = (
					"$(inherited)",
					"@executable_path/Frameworks",
				);
				MARKETING_VERSION = 1.0;
				PRODUCT_BUNDLE_IDENTIFIER = dev.jvarela.HomeView;
				PRODUCT_NAME = "$(TARGET_NAME)";
				SWIFT_EMIT_LOC_STRINGS = YES;
				SWIFT_VERSION = 5.0;
				TARGETED_DEVICE_FAMILY = "1,2";
			};
			name = Release;
		};
/* End XCBuildConfiguration section */

/* Begin XCConfigurationList section */
		592E0DF82B228ED000F906CA /* Build configuration list for PBXProject "HomeView" */ = {
			isa = XCConfigurationList;
			buildConfigurations = (
				592E0E092B228ED100F906CA /* Debug */,
				592E0E0A2B228ED100F906CA /* Release */,
			);
			defaultConfigurationIsVisible = 0;
			defaultConfigurationName = Release;
		};
		592E0E0B2B228ED100F906CA /* Build configuration list for PBXNativeTarget "HomeView" */ = {
			isa = XCConfigurationList;
			buildConfigurations = (
				592E0E0C2B228ED100F906CA /* Debug */,
				592E0E0D2B228ED100F906CA /* Release */,
			);
			defaultConfigurationIsVisible = 0;
			defaultConfigurationName = Release;
		};
/* End XCConfigurationList section */
	};
	rootObject = 592E0DF52B228ED000F906CA /* Project object */;
}
